
Microsoft Visual Studio Solution File, Format Version 12.00
# Visual Studio Version 16
VisualStudioVersion = 16.0.29509.3
MinimumVisualStudioVersion = 10.0.40219.1
Project("{FAE04EC0-301F-11D3-BF4B-00C04F79EFBC}") = "DynamicRoutingExample", "DynamicRoutingExample\DynamicRoutingExample.csproj", "{1BC5B427-5A65-484F-98E4-0A28DE07C01D}"
EndProject
Project("{FAE04EC0-301F-11D3-BF4B-00C04F79EFBC}") = "DataAccess", "DataAccess\DataAccess.csproj", "{213A6746-B159-4970-9061-8FE289976948}"
EndProject
Project("{00D1A9C2-B5F0-4AF3-8072-F6C62B433612}") = "DocumentDB", "DocumentDB\DocumentDB.sqlproj", "{E6F24E92-4B78-408D-8B9C-10A1222AEF00}"
EndProject
Global
	GlobalSection(SolutionConfigurationPlatforms) = preSolution
		Debug|Any CPU = Debug|Any CPU
		Release|Any CPU = Release|Any CPU
	EndGlobalSection
	GlobalSection(ProjectConfigurationPlatforms) = postSolution
		{1BC5B427-5A65-484F-98E4-0A28DE07C01D}.Debug|Any CPU.ActiveCfg = Debug|Any CPU
		{1BC5B427-5A65-484F-98E4-0A28DE07C01D}.Debug|Any CPU.Build.0 = Debug|Any CPU
		{1BC5B427-5A65-484F-98E4-0A28DE07C01D}.Release|Any CPU.ActiveCfg = Release|Any CPU
		{1BC5B427-5A65-484F-98E4-0A28DE07C01D}.Release|Any CPU.Build.0 = Release|Any CPU
		{213A6746-B159-4970-9061-8FE289976948}.Debug|Any CPU.ActiveCfg = Debug|Any CPU
		{213A6746-B159-4970-9061-8FE289976948}.Debug|Any CPU.Build.0 = Debug|Any CPU
		{213A6746-B159-4970-9061-8FE289976948}.Release|Any CPU.ActiveCfg = Release|Any CPU
		{213A6746-B159-4970-9061-8FE289976948}.Release|Any CPU.Build.0 = Release|Any CPU
		{E6F24E92-4B78-408D-8B9C-10A1222AEF00}.Debug|Any CPU.ActiveCfg = Debug|Any CPU
		{E6F24E92-4B78-408D-8B9C-10A1222AEF00}.Debug|Any CPU.Build.0 = Debug|Any CPU
		{E6F24E92-4B78-408D-8B9C-10A1222AEF00}.Debug|Any CPU.Deploy.0 = Debug|Any CPU
		{E6F24E92-4B78-408D-8B9C-10A1222AEF00}.Release|Any CPU.ActiveCfg = Release|Any CPU
		{E6F24E92-4B78-408D-8B9C-10A1222AEF00}.Release|Any CPU.Build.0 = Release|Any CPU
		{E6F24E92-4B78-408D-8B9C-10A1222AEF00}.Release|Any CPU.Deploy.0 = Release|Any CPU
	EndGlobalSection
	GlobalSection(SolutionProperties) = preSolution
		HideSolutionNode = FALSE
	EndGlobalSection
	GlobalSection(ExtensibilityGlobals) = postSolution
		SolutionGuid = {B528FAD9-D854-4E8D-9DBC-80A148CA3E37}
	EndGlobalSection
EndGlobal
